
Microsoft Visual Studio Solution File, Format Version 12.00
# Visual Studio Version 17
VisualStudioVersion = 17.0.31903.59
MinimumVisualStudioVersion = 10.0.40219.1
Project("{2150E333-8FDC-42A3-9474-1A3956D46DE8}") = "src", "src", "{827E0CD3-B72D-47B6-A68D-7590B98EB39B}"
EndProject
Project("{FAE04EC0-301F-11D3-BF4B-00C04F79EFBC}") = "RetailOS.Api", "src\RetailOS.Api\RetailOS.Api.csproj", "{97AD7401-0A8A-4779-A2C7-59A9BD972D8A}"
EndProject
Project("{FAE04EC0-301F-11D3-BF4B-00C04F79EFBC}") = "RetailOS.Application", "src\RetailOS.Application\RetailOS.Application.csproj", "{B077AA31-2F75-4745-8B5E-188687FC5408}"
EndProject
Project("{FAE04EC0-301F-11D3-BF4B-00C04F79EFBC}") = "RetailOS.Domain", "src\RetailOS.Domain\RetailOS.Domain.csproj", "{EFFFBE52-D64A-432E-A7D3-EFE4379FD710}"
EndProject
Project("{FAE04EC0-301F-11D3-BF4B-00C04F79EFBC}") = "RetailOS.Infrastructure", "src\RetailOS.Infrastructure\RetailOS.Infrastructure.csproj", "{79769F5D-2FAD-4F05-88FA-96C5D27D82E7}"
EndProject
Project("{FAE04EC0-301F-11D3-BF4B-00C04F79EFBC}") = "RetailOS.Shared", "src\RetailOS.Shared\RetailOS.Shared.csproj", "{1FE433EF-0533-422C-9598-7C535C4DAB3F}"
EndProject
Project("{2150E333-8FDC-42A3-9474-1A3956D46DE8}") = "tests", "tests", "{0AB3BF05-4346-4AA6-1389-037BE0695223}"
EndProject
Project("{FAE04EC0-301F-11D3-BF4B-00C04F79EFBC}") = "RetailOS.IntegrationTests", "tests\RetailOS.IntegrationTests\RetailOS.IntegrationTests.csproj", "{FFDC44B7-5F59-48A0-B3D3-15C710EE1225}"
EndProject
Project("{FAE04EC0-301F-11D3-BF4B-00C04F79EFBC}") = "RetailOS.UnitTests", "tests\RetailOS.UnitTests\RetailOS.UnitTests.csproj", "{7FC9A426-D9BC-404F-8C90-6A7C5D95AF05}"
EndProject
Global
	GlobalSection(SolutionConfigurationPlatforms) = preSolution
		Debug|Any CPU = Debug|Any CPU
		Debug|x64 = Debug|x64
		Debug|x86 = Debug|x86
		Release|Any CPU = Release|Any CPU
		Release|x64 = Release|x64
		Release|x86 = Release|x86
	EndGlobalSection
	GlobalSection(ProjectConfigurationPlatforms) = postSolution
		{97AD7401-0A8A-4779-A2C7-59A9BD972D8A}.Debug|Any CPU.ActiveCfg = Debug|Any CPU
		{97AD7401-0A8A-4779-A2C7-59A9BD972D8A}.Debug|Any CPU.Build.0 = Debug|Any CPU
		{97AD7401-0A8A-4779-A2C7-59A9BD972D8A}.Debug|x64.ActiveCfg = Debug|Any CPU
		{97AD7401-0A8A-4779-A2C7-59A9BD972D8A}.Debug|x64.Build.0 = Debug|Any CPU
		{97AD7401-0A8A-4779-A2C7-59A9BD972D8A}.Debug|x86.ActiveCfg = Debug|Any CPU
		{97AD7401-0A8A-4779-A2C7-59A9BD972D8A}.Debug|x86.Build.0 = Debug|Any CPU
		{97AD7401-0A8A-4779-A2C7-59A9BD972D8A}.Release|Any CPU.ActiveCfg = Release|Any CPU
		{97AD7401-0A8A-4779-A2C7-59A9BD972D8A}.Release|Any CPU.Build.0 = Release|Any CPU
		{97AD7401-0A8A-4779-A2C7-59A9BD972D8A}.Release|x64.ActiveCfg = Release|Any CPU
		{97AD7401-0A8A-4779-A2C7-59A9BD972D8A}.Release|x64.Build.0 = Release|Any CPU
		{97AD7401-0A8A-4779-A2C7-59A9BD972D8A}.Release|x86.ActiveCfg = Release|Any CPU
		{97AD7401-0A8A-4779-A2C7-59A9BD972D8A}.Release|x86.Build.0 = Release|Any CPU
		{B077AA31-2F75-4745-8B5E-188687FC5408}.Debug|Any CPU.ActiveCfg = Debug|Any CPU
		{B077AA31-2F75-4745-8B5E-188687FC5408}.Debug|Any CPU.Build.0 = Debug|Any CPU
		{B077AA31-2F75-4745-8B5E-188687FC5408}.Debug|x64.ActiveCfg = Debug|Any CPU
		{B077AA31-2F75-4745-8B5E-188687FC5408}.Debug|x64.Build.0 = Debug|Any CPU
		{B077AA31-2F75-4745-8B5E-188687FC5408}.Debug|x86.ActiveCfg = Debug|Any CPU
		{B077AA31-2F75-4745-8B5E-188687FC5408}.Debug|x86.Build.0 = Debug|Any CPU
		{B077AA31-2F75-4745-8B5E-188687FC5408}.Release|Any CPU.ActiveCfg = Release|Any CPU
		{B077AA31-2F75-4745-8B5E-188687FC5408}.Release|Any CPU.Build.0 = Release|Any CPU
		{B077AA31-2F75-4745-8B5E-188687FC5408}.Release|x64.ActiveCfg = Release|Any CPU
		{B077AA31-2F75-4745-8B5E-188687FC5408}.Release|x64.Build.0 = Release|Any CPU
		{B077AA31-2F75-4745-8B5E-188687FC5408}.Release|x86.ActiveCfg = Release|Any CPU
		{B077AA31-2F75-4745-8B5E-188687FC5408}.Release|x86.Build.0 = Release|Any CPU
		{EFFFBE52-D64A-432E-A7D3-EFE4379FD710}.Debug|Any CPU.ActiveCfg = Debug|Any CPU
		{EFFFBE52-D64A-432E-A7D3-EFE4379FD710}.Debug|Any CPU.Build.0 = Debug|Any CPU
		{EFFFBE52-D64A-432E-A7D3-EFE4379FD710}.Debug|x64.ActiveCfg = Debug|Any CPU
		{EFFFBE52-D64A-432E-A7D3-EFE4379FD710}.Debug|x64.Build.0 = Debug|Any CPU
		{EFFFBE52-D64A-432E-A7D3-EFE4379FD710}.Debug|x86.ActiveCfg = Debug|Any CPU
		{EFFFBE52-D64A-432E-A7D3-EFE4379FD710}.Debug|x86.Build.0 = Debug|Any CPU
		{EFFFBE52-D64A-432E-A7D3-EFE4379FD710}.Release|Any CPU.ActiveCfg = Release|Any CPU
		{EFFFBE52-D64A-432E-A7D3-EFE4379FD710}.Release|Any CPU.Build.0 = Release|Any CPU
		{EFFFBE52-D64A-432E-A7D3-EFE4379FD710}.Release|x64.ActiveCfg = Release|Any CPU
		{EFFFBE52-D64A-432E-A7D3-EFE4379FD710}.Release|x64.Build.0 = Release|Any CPU
		{EFFFBE52-D64A-432E-A7D3-EFE4379FD710}.Release|x86.ActiveCfg = Release|Any CPU
		{EFFFBE52-D64A-432E-A7D3-EFE4379FD710}.Release|x86.Build.0 = Release|Any CPU
		{79769F5D-2FAD-4F05-88FA-96C5D27D82E7}.Debug|Any CPU.ActiveCfg = Debug|Any CPU
		{79769F5D-2FAD-4F05-88FA-96C5D27D82E7}.Debug|Any CPU.Build.0 = Debug|Any CPU
		{79769F5D-2FAD-4F05-88FA-96C5D27D82E7}.Debug|x64.ActiveCfg = Debug|Any CPU
		{79769F5D-2FAD-4F05-88FA-96C5D27D82E7}.Debug|x64.Build.0 = Debug|Any CPU
		{79769F5D-2FAD-4F05-88FA-96C5D27D82E7}.Debug|x86.ActiveCfg = Debug|Any CPU
		{79769F5D-2FAD-4F05-88FA-96C5D27D82E7}.Debug|x86.Build.0 = Debug|Any CPU
		{79769F5D-2FAD-4F05-88FA-96C5D27D82E7}.Release|Any CPU.ActiveCfg = Release|Any CPU
		{79769F5D-2FAD-4F05-88FA-96C5D27D82E7}.Release|Any CPU.Build.0 = Release|Any CPU
		{79769F5D-2FAD-4F05-88FA-96C5D27D82E7}.Release|x64.ActiveCfg = Release|Any CPU
		{79769F5D-2FAD-4F05-88FA-96C5D27D82E7}.Release|x64.Build.0 = Release|Any CPU
		{79769F5D-2FAD-4F05-88FA-96C5D27D82E7}.Release|x86.ActiveCfg = Release|Any CPU
		{79769F5D-2FAD-4F05-88FA-96C5D27D82E7}.Release|x86.Build.0 = Release|Any CPU
		{1FE433EF-0533-422C-9598-7C535C4DAB3F}.Debug|Any CPU.ActiveCfg = Debug|Any CPU
		{1FE433EF-0533-422C-9598-7C535C4DAB3F}.Debug|Any CPU.Build.0 = Debug|Any CPU
		{1FE433EF-0533-422C-9598-7C535C4DAB3F}.Debug|x64.ActiveCfg = Debug|Any CPU
		{1FE433EF-0533-422C-9598-7C535C4DAB3F}.Debug|x64.Build.0 = Debug|Any CPU
		{1FE433EF-0533-422C-9598-7C535C4DAB3F}.Debug|x86.ActiveCfg = Debug|Any CPU
		{1FE433EF-0533-422C-9598-7C535C4DAB3F}.Debug|x86.Build.0 = Debug|Any CPU
		{1FE433EF-0533-422C-9598-7C535C4DAB3F}.Release|Any CPU.ActiveCfg = Release|Any CPU
		{1FE433EF-0533-422C-9598-7C535C4DAB3F}.Release|Any CPU.Build.0 = Release|Any CPU
		{1FE433EF-0533-422C-9598-7C535C4DAB3F}.Release|x64.ActiveCfg = Release|Any CPU
		{1FE433EF-0533-422C-9598-7C535C4DAB3F}.Release|x64.Build.0 = Release|Any CPU
		{1FE433EF-0533-422C-9598-7C535C4DAB3F}.Release|x86.ActiveCfg = Release|Any CPU
		{1FE433EF-0533-422C-9598-7C535C4DAB3F}.Release|x86.Build.0 = Release|Any CPU
		{FFDC44B7-5F59-48A0-B3D3-15C710EE1225}.Debug|Any CPU.ActiveCfg = Debug|Any CPU
		{FFDC44B7-5F59-48A0-B3D3-15C710EE1225}.Debug|Any CPU.Build.0 = Debug|Any CPU
		{FFDC44B7-5F59-48A0-B3D3-15C710EE1225}.Debug|x64.ActiveCfg = Debug|Any CPU
		{FFDC44B7-5F59-48A0-B3D3-15C710EE1225}.Debug|x64.Build.0 = Debug|Any CPU
		{FFDC44B7-5F59-48A0-B3D3-15C710EE1225}.Debug|x86.ActiveCfg = Debug|Any CPU
		{FFDC44B7-5F59-48A0-B3D3-15C710EE1225}.Debug|x86.Build.0 = Debug|Any CPU
		{FFDC44B7-5F59-48A0-B3D3-15C710EE1225}.Release|Any CPU.ActiveCfg = Release|Any CPU
		{FFDC44B7-5F59-48A0-B3D3-15C710EE1225}.Release|Any CPU.Build.0 = Release|Any CPU
		{FFDC44B7-5F59-48A0-B3D3-15C710EE1225}.Release|x64.ActiveCfg = Release|Any CPU
		{FFDC44B7-5F59-48A0-B3D3-15C710EE1225}.Release|x64.Build.0 = Release|Any CPU
		{FFDC44B7-5F59-48A0-B3D3-15C710EE1225}.Release|x86.ActiveCfg = Release|Any CPU
		{FFDC44B7-5F59-48A0-B3D3-15C710EE1225}.Release|x86.Build.0 = Release|Any CPU
		{7FC9A426-D9BC-404F-8C90-6A7C5D95AF05}.Debug|Any CPU.ActiveCfg = Debug|Any CPU
		{7FC9A426-D9BC-404F-8C90-6A7C5D95AF05}.Debug|Any CPU.Build.0 = Debug|Any CPU
		{7FC9A426-D9BC-404F-8C90-6A7C5D95AF05}.Debug|x64.ActiveCfg = Debug|Any CPU
		{7FC9A426-D9BC-404F-8C90-6A7C5D95AF05}.Debug|x64.Build.0 = Debug|Any CPU
		{7FC9A426-D9BC-404F-8C90-6A7C5D95AF05}.Debug|x86.ActiveCfg = Debug|Any CPU
		{7FC9A426-D9BC-404F-8C90-6A7C5D95AF05}.Debug|x86.Build.0 = Debug|Any CPU
		{7FC9A426-D9BC-404F-8C90-6A7C5D95AF05}.Release|Any CPU.ActiveCfg = Release|Any CPU
		{7FC9A426-D9BC-404F-8C90-6A7C5D95AF05}.Release|Any CPU.Build.0 = Release|Any CPU
		{7FC9A426-D9BC-404F-8C90-6A7C5D95AF05}.Release|x64.ActiveCfg = Release|Any CPU
		{7FC9A426-D9BC-404F-8C90-6A7C5D95AF05}.Release|x64.Build.0 = Release|Any CPU
		{7FC9A426-D9BC-404F-8C90-6A7C5D95AF05}.Release|x86.ActiveCfg = Release|Any CPU
		{7FC9A426-D9BC-404F-8C90-6A7C5D95AF05}.Release|x86.Build.0 = Release|Any CPU
	EndGlobalSection
	GlobalSection(SolutionProperties) = preSolution
		HideSolutionNode = FALSE
	EndGlobalSection
	GlobalSection(NestedProjects) = preSolution
		{97AD7401-0A8A-4779-A2C7-59A9BD972D8A} = {827E0CD3-B72D-47B6-A68D-7590B98EB39B}
		{B077AA31-2F75-4745-8B5E-188687FC5408} = {827E0CD3-B72D-47B6-A68D-7590B98EB39B}
		{EFFFBE52-D64A-432E-A7D3-EFE4379FD710} = {827E0CD3-B72D-47B6-A68D-7590B98EB39B}
		{79769F5D-2FAD-4F05-88FA-96C5D27D82E7} = {827E0CD3-B72D-47B6-A68D-7590B98EB39B}
		{1FE433EF-0533-422C-9598-7C535C4DAB3F} = {827E0CD3-B72D-47B6-A68D-7590B98EB39B}
		{FFDC44B7-5F59-48A0-B3D3-15C710EE1225} = {0AB3BF05-4346-4AA6-1389-037BE0695223}
		{7FC9A426-D9BC-404F-8C90-6A7C5D95AF05} = {0AB3BF05-4346-4AA6-1389-037BE0695223}
	EndGlobalSection
EndGlobal
